{
  "dependencies": {
    "handlebars": "latest"
  }
}
//bun.lockb
IyEvdXNyL2Jpbi9lbnYgYnVuCmJ1bi1sb2NrZmlsZS1mb3JtYXQtdjAKAgAAAG8YaR/jUr8qtSWDa5J9xt86/5UtiHBetcP799ftvms+NQsAAAAAAAAHAAAAAAAAAAgAAAAAAAAACAAAAAAAAACAAAAAAAAAAGsHAAAAAAAAAAAAAAAAAAAAAAAAAAAKAACAZwAAAAkAAIB3b3Jkd3JhcF0AAAAKAACAVAAAAAkAAIBtaW5pbWlzdAAAAAAAAAAALd8Y8tzWAYQb1nowV3k0LFMKEzVJE91m5Oy6GsAg/dFd19pvnEQBeZndlLZRhuYwAQAAAAAAAAAAAAAAAAAAAAAAAAAAAAAAAAAAAAAAAAAAAAAAAAAAAAAAAAAAAAAAAAAAAAAAAAAAAAAAAAAAAAIAAAAAAAAAGAAAADwAAIAEAAAABwAAAAgAAAAAAAAAAAAAAAAAAAAAAAAAAAAAAAAAAAAAAAAAAAAAAAAAAAACAAAAAAAAAHwAAAA7AACAAwAAABEAAAAEAAAAAAAAAAAAAAAAAAAAAAAAAAAAAAAAAAAAAAAAAAAAAAAAAAAAAgAAAAAAAAC3AAAAOAAAgAEAAAAAAAAAAAAAAAAAAAAAAAAAAAAAAAAAAAAAAAAAAAAAAAAAAAAAAAAAAAAAAAIAAAAAAAAA7wAAADwAAIAAAAAABgAAAAEAAAAAAAAAAAAAAAAAAAAAAAAAAAAAAAAAAAAAAAAAAAAAAAAAAAACAAAAAAAAACsBAAA6AACAAgAAAAYAAAACAAAAAAAAAAAAAAAAAAAAAAAAAAAAAAAAAAAAAAAAAAAAAAAAAAAAAgAAAAAAAABlAQAAOAAAgAEAAAACAAAACAAAAAAAAAAAAAAAAAAAAAAAAAAAAAAAAAAAAAAAAAAAAAAAAAAAAAAAAAABAAAAAQAAAAUAAAAGAAAAAAAAAAYAAAAAAAAABgAAAAAAAAAGAAAAAAAAAAYAAAAAAAAAAAAAAAEAAAABAAAABQAAAAYAAAAAAAAABgAAAAAAAAAGAAAAAAAAAAYAAAAAAAAABgAAAAAAAAAAAP4P/gEAAAAAAAAAAAAAAAAAAAAAAAAAAAAAAAAAAAAAAAAAAAAAAAAAAAAAAAAAAAAAAAAAAAAAAAAAAAAAAAAAAAAAAAAAAAAAAAAAAAAAAAAAAQAAAQD+D/4BAAABAAAAAAAAAAAAAAAEvafaFqs8MZkRrSX7sFVUdo3ap/eNiLnb4IakshzvP56X5Nr1iGKAIqdX6tMlm6HcNRIkr6AxO5jFEoJzzpT8aQEAAAEA/g/+AQAAAgAAAAAAAAAAAAAABE/avNkySPXvwtUwMWL329esTtdtLTFRWaxgN3/fz+ONuAzbusqStdN8tBjxVWte8qLcEsmVuYmF4I2B5BqyVv4BAAABAP4P/gEAAAMAAAAAAAAAAAAAAASC9XMkWU/Jwpzl1k3jI+Q/zDsNzfsG0/XJzMSd45vi6rfildly+u1FOZZXxb5SZ75cLEqBuMz6d6+TIU8zJt3hAQAAAQD+D/4BAAAEAAAAAAAAAAAAAAAEUjgapumWlbMhkBgzT7Ykc5YXUT46F0iKu8SGXq0bcwP5dz/h0Plj6enJqjz1Zbq2l5WaqYnrVbwWOWMyF3F47gEAAAEA/g/+AQAABQAAAAAAAAAAAAAABGHd1BEuZlgkqkfqjU/d0t1KGFJKgGfZS4PGu4Pa4prFpmBivHFU6AOP7Bd0a7IXcld7ABjF1VJqTGDsPnS6TrsBAAABAP4P/gEAAAYAAAAAAAAAAAAAAATbLIBHyoGQ3di6F4lqdSlYLlTdtvmiwPLA0HxHMNWUPAMduhwAm96qqPW7z5JUPuORZPjK+wcKlaqpaoDFvTMIAQAAAAAAAAAAAAAAAAAAAAAAAAAAAAACAAAAAAAAAAoAAIAKAAAADgAAgAIAAAB1Z2xpZnlqc3AAAAAMAACAAAAAAAAAAAAAAAAAAAAAAAAAAAAAAAAAAAAAAAAAAAAAAAAAAAAAAAAAAAAAAAAAAAAAAAAAAAAAAAAAAAAAAAAAAAAAAAAAAAAAAAAAAAAAAAAAAAAAAAAAAAAAAAAAAAAAAAAAAAAAAAAAAAAAAAAAAAAAAAAAAAAAAAAAAAABAAAAAAAAAAAAAAAAAAAAAAAAAAAAAAAAAAAAAAAAAAAAAAAAAAAAAAAAAAAAAAAAAAAAAAAAAAAAAAAAAAAAAAAAAAAAAAAAAAAAAAAAAAAAAAAAAAAAAAAAAAAAAAAAAAAAAAAAAAAAAAAAAAAAAAAAAAAAAAAAAAAAAAAAAAAAAAAAAAAAAAAAAAAAAAAAAAAAAAAAAAAAAAAAAAAAAAAAAAAAAAAAAAAAAAAAAAAAAAAAAAAAAAAAAAAAAAAAAAAAAAAAAAAAAAAAAAAAAAAAAAAAAAAAAAAAAAAAAAAAAAAAAAAAAAAAAAAAAAAAAAAAAAAAAAAAAAAAAAAAAAAAAAAAAAAAAAAAAAAAAAAAAAAAAAAAAAAAAAAAAAAAAAAAAAAAsAcAAAAAAADEBwAAAAAAAAo8c3JjLmluc3RhbGwubG9ja2ZpbGUuVHJlZT4gMjAgc2l6ZW9mLCA0IGFsaWdub2YKAAAAAAAAAP7/////////AAAAAAYAAADwBwAAAAAAAAgIAAAAAAAACjx1MzI+IDQgc2l6ZW9mLCA0IGFsaWdub2YKAAAAAAABAAAAAgAAAAMAAAAEAAAABQAAADgIAAAAAAAAUAgAAAAAAAAKPHUzMj4gNCBzaXplb2YsIDQgYWxpZ25vZgoAAAAAAAEAAAAGAAAABQAAAAQAAAADAAAAAgAAAIAIAAAAAAAAHAkAAAAAAAAKPFsyNl11OD4gMjYgc2l6ZW9mLCAxIGFsaWdub2YKAAAAAAAKAACALd8Y8tzWAYQCAmxhdGVzdAAAbWluaW1pc3SZ3ZS2UYbmMAIBXjEuMi41AABUAAAACQAAgF3X2m+cRAF5AgFeMi42LjIAAF0AAAAKAACA5Oy6GsAg/dECAV4wLjYuMQAAd29yZHdyYXBTChM1SRPdZgIBXjEuMC4wAABnAAAACQAAgBvWejBXeTQsBAFeMy4xLjQAAGYJAAAAAAAAZgkAAAAAAAAKPHNyYy5pbnN0YWxsLnNlbXZlci5FeHRlcm5hbFN0cmluZz4gMTYgc2l6ZW9mLCA4IGFsaWdub2YKkAkAAAAAAAAtCwAAAAAAAAo8dTg+IDEgc2l6ZW9mLCAxIGFsaWdub2YKaGFuZGxlYmFyc2Jpbi9oYW5kbGViYXJzaHR0cHM6Ly9yZWdpc3RyeS5ucG1qcy5vcmcvaGFuZGxlYmFycy8tL2hhbmRsZWJhcnMtNC43LjgudGd6bmVvLWFzeW5jc291cmNlLW1hcHVnbGlmeS1qc2Jpbi91Z2xpZnlqc2h0dHBzOi8vcmVnaXN0cnkubnBtanMub3JnL3VnbGlmeS1qcy8tL3VnbGlmeS1qcy0zLjE3LjQudGd6aHR0cHM6Ly9yZWdpc3RyeS5ucG1qcy5vcmcvd29yZHdyYXAvLS93b3Jkd3JhcC0xLjAuMC50Z3podHRwczovL3JlZ2lzdHJ5Lm5wbWpzLm9yZy9zb3VyY2UtbWFwLy0vc291cmNlLW1hcC0wLjYuMS50Z3podHRwczovL3JlZ2lzdHJ5Lm5wbWpzLm9yZy9uZW8tYXN5bmMvLS9uZW8tYXN5bmMtMi42LjIudGd6aHR0cHM6Ly9yZWdpc3RyeS5ucG1qcy5vcmcvbWluaW1pc3QvLS9taW5pbWlzdC0xLjIuOC50Z3oAAAAAAAAAAAAAAAAAAAAAAAAAAAAAAAAAAAAAAAAAAAAAAAAAAAAAAAAAAAAAAAAAAAAAAAAAAAAAAAAAAAAAAAAAAAAAAAAAAAAAAAAAAAAAAAAAAAAAAAAAAAAAAAAAAAAAAAAAAAAAAAAAAAAAAAAAAAAAAAAAAAAAAAAAAAAAAAAAAAAAAAAAAAAAAAAAAAAAAAAAAA==