{
  "version": "3",
  "packages": {
    "specifiers": {
      "npm:windmill-client@^1.158.2": "npm:windmill-client@1.326.0"
    },
    "npm": {
      "windmill-client@1.326.0": {
        "integrity": "sha512-IDHlr5NW5ogo8wqXlkAWaR9zEnrk0H0AgARUAo1QB6eQv11WnOEo86ZcD7N89H2rQvUTv8j9DQb5MImZxMnSHw==",
        "dependencies": {}
      }
    }
  },
  "remote": {}
}
