{
  "version": "3",
  "packages": {
    "specifiers": {
      "npm:windmill-client@^1.158.2": "npm:windmill-client@1.325.2"
    },
    "npm": {
      "windmill-client@1.325.2": {
        "integrity": "sha512-1HoO5bGgQFJoNOUqqsXf4o6PpNdyGyI+lwd66fJ4dqmd1qj8htcdEhqugDuKMV5cnAKID77m77KtTjRgY3emXw==",
        "dependencies": {}
      }
    }
  },
  "remote": {}
}
