{
  "dependencies": {
    "node-fetch": "latest"
  }
}
//bun.lockb
IyEvdXNyL2Jpbi9lbnYgYnVuCmJ1bi1sb2NrZmlsZS1mb3JtYXQtdjAKAgAAAOujq+/RicrOzRhVBbBD/yOkVByBa7DfylgsfRu06JLzxQsAAAAAAAAHAAAAAAAAAAgAAAAAAAAACAAAAAAAAACAAAAAAAAAAGsHAAAAAAAAAAAAAAAAAAAAAAAAAAAKAACAYgAAABEAAIBYAAAACgAAgAsBAAAUAACA+gAAABEAAIBGAAAAEgAAgAAAAAAAAAAAkPaloLodA4INLjRC4fVEUT+m6fwyHm71Wajrx0ShzHdySrnuLNgtqzfBi7aWQ+HPAQAAAAAAAAAAAAAAAAAAAAAAAAAAAAAAAAAAAAAAAAAAAAAAAAAAAAAAAAAAAAAAAAAAAAAAAAAAAAAAAAAAAAIAAAAAAAAACgAAADwAAIADAAAAAwAAAAIAAAAAAAAAAAAAAAAAAAAAAAAAAAAAAAAAAAAAAAAAAAAAAAAAAAACAAAAAAAAAHMAAABLAACABAAAAAAAAAAKAAAAAAAAAAAAAAAAAAAAAAAAAAAAAAAAAAAAAAAAAAAAAAAAAAAAAgAAAAAAAAC+AAAAPAAAgAMAAAACAAAAAAAAAAAAAAAAAAAAAAAAAAAAAAAAAAAAAAAAAAAAAAAAAAAAAAAAAAIAAAAAAAAAHwEAAFAAAIADAAAAAwAAAAMAAAAAAAAAAAAAAAAAAAAAAAAAAAAAAAAAAAAAAAAAAAAAAAAAAAACAAAAAAAAAG8BAABKAACAAQAAAAAAAAAAAAAAAAAAAAAAAAAAAAAAAAAAAAAAAAAAAAAAAAAAAAAAAAAAAAAAAgAAAAAAAAC5AQAATAAAgAQAAAAAAAAAAQAAAAAAAAAAAAAAAAAAAAAAAAAAAAAAAAAAAAAAAAAAAAAAAAAAAAAAAAABAAAAAQAAAAMAAAAEAAAAAQAAAAUAAAACAAAABwAAAAAAAAAHAAAAAAAAAAcAAAAAAAAAAAAAAAEAAAABAAAAAwAAAAQAAAABAAAABQAAAAIAAAAHAAAAAAAAAAcAAAAAAAAABwAAAAAAAAAAAP4P/gEAAAAAAAAAAAAAAAAAAAAAAAAAAAAAAAAAAAAAAAAAAAAAAAAAAAAAAAAAAAAAAAAAAAAAAAAAAAAAAAAAAAAAAAAAAAAAAAAAAAAAAAAAAQAAAQD+D/4BAAABAAAAAAAAAAAAAAAEdRB78srN/l6gqWulah9SrxeYnxeddIG30+GOqK/9OlLVyLg3HPnr6SqOWTWOXKRwC2eGYCkZ59NNuSgvSrpgOAEAAAEA/g/+AQAAAgAAAAAAAAAAAAAABG7nsB8zL2C9vY3XkE1SC3nEmmSp7f0SVo6GQheTlutGeu/xpkiwZDhTO6odTyN8xTbSW2mS+XkLtby32szsI+IBAAABAP4P/gEAAAMAAAAAAAAAAAAAAATvIBCkPZQwnMuLUOq/uoVic9to/Htl8Uro+IjFDg9+QY/I3KXZSDH5r+6ZSieYqqOEzgOd9sy91fqi1erzeyhBAQAAAQD+D/4BAAAEAAAAAAAAAAAAAAAEd2JWLCivmZYTSIoge9MsgFCZrt571BikcWGYkjC1khllbTeDlGqZ2D8vD8E/lJa8WGWbb7Plm8/XJYV7IJHZZwEAAAEA/g/+AQAABQAAAAAAAAAAAAAABP4ymaDKcNBfBkcJeP3i0TjwN3H3F7SwKT9EMy5lE/x7jwmVsgeyGPWazHisNjv5xSKj0Adz1TPWmJtBd9dgFw0BAAABAP4P/gEAAAYAAAAAAAAAAAAAAATRH2KRFvrrwcHtAPFPW+Sm5QG2pzndjIDAzAZ5QUpGiNj81Yq91n71Ri1F8aaGo1tGRNJWkxubKFeKkUW/Zxv8AQAAAAAAAAAAAAAAAAAAAAAAAAAAAAAAAAAAAAAAAAAAAAAAAAAAAAAAAAAAAAAAAAAAAAAAAAAAAAAAAAAAAAAAAAAAAAAAAAAAAAAAAAAAAAAAAAAAAAAAAAAAAAAAAAAAAAAAAAAAAAAAAAAAAAAAAAAAAAAAAAAAAAAAAAAAAAAAAAAAAAAAAAAAAAAAAAAAAAAAAAAAAAAAAAAAAAAAAAAAAAAAAAAAAAAAAAAAAAAAAAAAAAAAAAAAAAABAAAAAAAAAAAAAAAAAAAAAAAAAAAAAAAAAAAAAAAAAAAAAAAAAAAAAAAAAAAAAAAAAAAAAAAAAAAAAAAAAAAAAAAAAAAAAAAAAAAAAAAAAAAAAAAAAAAAAAAAAAAAAAAAAAAAAAAAAAAAAAAAAAAAAAAAAAAAAAAAAAAAAAAAAAAAAAAAAAAAAAAAAAAAAAAAAAAAAAAAAAAAAAAAAAAAAAAAAAAAAAAAAAAAAAAAAAAAAAAAAAAAAAAAAAAAAAAAAAAAAAAAAAAAAAAAAAAAAAAAAAAAAAAAAAAAAAAAAAAAAAAAAAAAAAAAAAAAAAAAAAAAAAAAAAAAAAAAAAAAAAAAAAAAAAAAAAAAAAAAAAAAAAAAAAAAAAAAAAAAAAAAAAAAAAAAsAcAAAAAAADEBwAAAAAAAAo8c3JjLmluc3RhbGwubG9ja2ZpbGUuVHJlZT4gMjAgc2l6ZW9mLCA0IGFsaWdub2YKAAAAAAAAAP7/////////AAAAAAYAAADwBwAAAAAAAAgIAAAAAAAACjx1MzI+IDQgc2l6ZW9mLCA0IGFsaWdub2YKAAAAAAABAAAAAgAAAAMAAAAFAAAABgAAADgIAAAAAAAAVAgAAAAAAAAKPHUzMj4gNCBzaXplb2YsIDQgYWxpZ25vZgoAAAAAAAEAAAAGAAAAAwAAAAIAAAADAAAABQAAAAQAAACICAAAAAAAAD4JAAAAAAAACjxbMjZddTg+IDI2IHNpemVvZiwgMSBhbGlnbm9mCgAAAAAAAAAAAAoAAICQ9qWguh0DggICbGF0ZXN0AABGAAAAEgAAgDfBi7aWQ+HPAgFeNC4wLjAAAFgAAAAKAACAP6bp/DIebvUCAV4zLjEuNAAAYgAAABEAAIANLjRC4fVEUQIBXjQuMC4xMABYAAAACgAAgD+m6fwyHm71AgFeMy4xLjIAAPoAAAARAACAckq57izYLasCAV4xLjAuMAAACwEAABQAAIBZqOvHRKHMdwIBXjMuMC4zAACICQAAAAAAAIgJAAAAAAAACjxzcmMuaW5zdGFsbC5zZW12ZXIuRXh0ZXJuYWxTdHJpbmc+IDE2IHNpemVvZiwgOCBhbGlnbm9mCrgJAAAAAAAAvQsAAAAAAAAKPHU4PiAxIHNpemVvZiwgMSBhbGlnbm9mCgAAAAAAAG5vZGUtZmV0Y2hodHRwczovL3JlZ2lzdHJ5Lm5wbWpzLm9yZy9ub2RlLWZldGNoLy0vbm9kZS1mZXRjaC0zLjMuMi50Z3pkYXRhLXVyaS10by1idWZmZXJmZXRjaC1ibG9iZm9ybWRhdGEtcG9seWZpbGxodHRwczovL3JlZ2lzdHJ5Lm5wbWpzLm9yZy9mb3JtZGF0YS1wb2x5ZmlsbC8tL2Zvcm1kYXRhLXBvbHlmaWxsLTQuMC4xMC50Z3podHRwczovL3JlZ2lzdHJ5Lm5wbWpzLm9yZy9mZXRjaC1ibG9iLy0vZmV0Y2gtYmxvYi0zLjIuMC50Z3pub2RlLWRvbWV4Y2VwdGlvbndlYi1zdHJlYW1zLXBvbHlmaWxsaHR0cHM6Ly9yZWdpc3RyeS5ucG1qcy5vcmcvd2ViLXN0cmVhbXMtcG9seWZpbGwvLS93ZWItc3RyZWFtcy1wb2x5ZmlsbC0zLjMuMy50Z3podHRwczovL3JlZ2lzdHJ5Lm5wbWpzLm9yZy9ub2RlLWRvbWV4Y2VwdGlvbi8tL25vZGUtZG9tZXhjZXB0aW9uLTEuMC4wLnRnemh0dHBzOi8vcmVnaXN0cnkubnBtanMub3JnL2RhdGEtdXJpLXRvLWJ1ZmZlci8tL2RhdGEtdXJpLXRvLWJ1ZmZlci00LjAuMS50Z3oAAAAAAAAAAAAAAAAAAAAAAAAAAAAAAAAAAAAAAAAAAAAAAAAAAAAAAAAAAAAAAAAAAAAAAAAAAAAAAAAAAAAAAAAAAAAAAAAAAAAAAAAAAAAAAAAAAAAAAAAAAAAAAAAAAAAAAAAAAAAAAAAAAAAAAAAAAAAAAAAAAAAAAAAAAAAAAAAAAAAAAAAAAAAAAAAAAAAAAAAAAA==