{
  "dependencies": {
    "windmill-client": "latest"
  }
}
//bun.lockb
IyEvdXNyL2Jpbi9lbnYgYnVuCmJ1bi1sb2NrZmlsZS1mb3JtYXQtdjAKAgAAADb9fz6xN8TV6NFIvkrxQVopcz7R8zez6jjhfGnGOd8sVwQAAAAAAAACAAAAAAAAAAgAAAAAAAAACAAAAAAAAACAAAAAAAAAAHoCAAAAAAAAAAAAAAAAAAAAAAAAAAAPAACAAAAAAAAAAACZDWdj94+o/wEAAAAAAAAAAAAAAAAAAAAAAAAAAAAAAAAAAAAAAAAAAAAAAAAAAAAAAAAAAAAAAAAAAAAAAAAAAAAAAAAAAAACAAAAAAAAAA8AAABIAACAAQAAAFQBAAACAAAAAAAAAAAAAAAAAAAAAAAAAAAAAAAAAAAAAAAAAAAAAAAAAAAAAAAAAAEAAAABAAAAAAAAAAAAAAABAAAAAQAAAAAAAAAAAP4P/gEAAAAAAAAAAAAAAAAAAAAAAAAAAAAAAAAAAAAAAAAAAAAAAAAAAAAAAAAAAAAAAAAAAAAAAAAAAAAAAAAAAAAAAAAAAAAAAAAAAAAAAAAAAQAAAQD+D/4BAAABAAAAAAAAAAAAAAAEvpoSnMR3mlugKBOmgWvEcIGWlaxZocSpeyMSn1wIgW982Y2zlIJNXHm3BbNyocHV5lk6T9aM8XkCkFU5N16nmwEAAAAAAAAAAAAAAAAAAAAAAAAAAAAAAAAAAAAAAAAAAAAAAAAAAAAAAAAAAAAAAAAAAAAAAAAAAAAAAAAAAAAAAAAAAAAAAAAAAAAAAAAAAAAAAAAAAAAAAAABAAAAAAAAAAAAAAAAAAAAAAAAAAAAAAAAAAAAAAAAAAAAAAAAAAAAAAAAAAAAAAAAAMACAAAAAAAA1AIAAAAAAAAKPHNyYy5pbnN0YWxsLmxvY2tmaWxlLlRyZWU+IDIwIHNpemVvZiwgNCBhbGlnbm9mCgAAAAAAAAAA/v////////8AAAAAAQAAAAADAAAAAAAABAMAAAAAAAAKPHUzMj4gNCBzaXplb2YsIDQgYWxpZ25vZgoAAAAAADADAAAAAAAANAMAAAAAAAAKPHUzMj4gNCBzaXplb2YsIDQgYWxpZ25vZgoAAQAAAGgDAAAAAAAAggMAAAAAAAAKPFsyNl11OD4gMjYgc2l6ZW9mLCAxIGFsaWdub2YKAAAAAAAAAAAADwAAgJkNZ2P3j6j/AgJsYXRlc3QAAMwDAAAAAAAAzAMAAAAAAAAKPHNyYy5pbnN0YWxsLnNlbXZlci5FeHRlcm5hbFN0cmluZz4gMTYgc2l6ZW9mLCA4IGFsaWdub2YK+AMAAAAAAABPBAAAAAAAAAo8dTg+IDEgc2l6ZW9mLCAxIGFsaWdub2YKAAB3aW5kbWlsbC1jbGllbnRodHRwczovL3JlZ2lzdHJ5Lm5wbWpzLm9yZy93aW5kbWlsbC1jbGllbnQvLS93aW5kbWlsbC1jbGllbnQtMS4zNDAuMi50Z3oAAAAAAAAAAAAAAAAAAAAAAAAAAAAAAAAAAAAAAAAAAAAAAAAAAAAAAAAAAAAAAAAAAAAAAAAAAAAAAAAAAAAAAAAAAAAAAAAAAAAAAAAAAAAAAAAAAAAAAAAAAAAAAAAAAAAAAAAAAAAAAAAAAAAAAAAAAAAAAAAAAAAAAAAAAAAAAAAAAAAAAAAAAAAAAAAAAAAAAAAAAA==